
Microsoft Visual Studio Solution File, Format Version 12.00
# Visual Studio Version 17
VisualStudioVersion = 17.6.33829.357
MinimumVisualStudioVersion = 10.0.40219.1
Project("{9A19103F-16F7-4668-BE54-9A1E7A4F7556}") = "MidwestDevOpsWebsite", "MidwestDevOpsWebsite\MidwestDevOpsWebsite.csproj", "{C7C12914-578E-4187-83B7-823D8C3400D2}"
EndProject
Project("{9A19103F-16F7-4668-BE54-9A1E7A4F7556}") = "BusinessLogicLayer", "BusinessLogicLayer\BusinessLogicLayer.csproj", "{D4589C9E-2B61-44EE-96AC-334359B0BCB4}"
EndProject
Project("{9A19103F-16F7-4668-BE54-9A1E7A4F7556}") = "DataEntities", "DataEntities\DataEntities.csproj", "{C31244D7-EAF0-468C-AF13-715AD07C50AA}"
EndProject
Project("{9A19103F-16F7-4668-BE54-9A1E7A4F7556}") = "DatabaseLogicLayer", "DatabaseLogicLayer\DatabaseLogicLayer.csproj", "{ECF88C28-4CA6-4053-B5C4-3C0B994EAAE9}"
EndProject
Project("{9A19103F-16F7-4668-BE54-9A1E7A4F7556}") = "RESTService", "RESTService\RESTService.csproj", "{35DB0BD4-396D-4471-94E6-D2BD40085B58}"
EndProject
Project("{9A19103F-16F7-4668-BE54-9A1E7A4F7556}") = "RESTDLL", "RESTDLL\RESTDLL.csproj", "{2E94F6ED-6C33-45B5-ABC4-6C0004FC3A4D}"
EndProject
Project("{9A19103F-16F7-4668-BE54-9A1E7A4F7556}") = "RESTBLL", "RESTBLL\RESTBLL.csproj", "{87DBDB42-FF4A-4C6D-9E16-D1CBA752E3C0}"
EndProject
Project("{2150E333-8FDC-42A3-9474-1A3956D46DE8}") = "NugetSolutions", "NugetSolutions", "{6925AB54-4EBA-41B3-8129-8279390711F7}"
	ProjectSection(SolutionItems) = preProject
		NugetPushCommand.txt = NugetPushCommand.txt
	EndProjectSection
EndProject
Project("{9A19103F-16F7-4668-BE54-9A1E7A4F7556}") = "MDO.RESTDataEntities.Standard", "NugetSolutions\MDO.RESTDataEntities.Standard\MDO.RESTDataEntities.Standard.csproj", "{DDF25DF9-1C56-44A7-98A5-E4492B5D168B}"
EndProject
Project("{9A19103F-16F7-4668-BE54-9A1E7A4F7556}") = "MDO.RESTServiceRequestor.Standard", "NugetSolutions\MDO.RESTServiceRequestor.Standard\MDO.RESTServiceRequestor.Standard.csproj", "{8A041BA4-690A-48A0-A2DC-F9FF38F8ED29}"
EndProject
Project("{9A19103F-16F7-4668-BE54-9A1E7A4F7556}") = "RESTServiceTest", "NugetSolutions\RESTServiceTest\RESTServiceTest.csproj", "{D4248A87-49E9-4A7A-BEF0-430F26DE462C}"
EndProject
Project("{9A19103F-16F7-4668-BE54-9A1E7A4F7556}") = "ConsoleTest", "NugetSolutions\ConsoleTest\ConsoleTest.csproj", "{DED4BAC5-FE4A-4086-BB53-2AD42DFE3F5C}"
EndProject
Project("{9A19103F-16F7-4668-BE54-9A1E7A4F7556}") = "MDO.EmailHandler.Standard", "NugetSolutions\MDO.EmailHandler.Standard\MDO.EmailHandler.Standard.csproj", "{2AC4908D-37F3-432B-8CFA-031C9FBF4903}"
EndProject
Project("{9A19103F-16F7-4668-BE54-9A1E7A4F7556}") = "MDO.Utility.Standard", "NugetSolutions\MDO.Utility.Standard\MDO.Utility.Standard.csproj", "{EF44A2EC-2AEB-482B-A3A8-7DD43A11F5F7}"
EndProject
Project("{9A19103F-16F7-4668-BE54-9A1E7A4F7556}") = "MDO.ThirdParty.Spotify.Standard", "NugetSolutions\ThirdParty.Spotify\MDO.ThirdParty.Spotify.Standard.csproj", "{91509EC6-0FF2-41DE-95EC-CF6353558B8A}"
EndProject
Global
	GlobalSection(SolutionConfigurationPlatforms) = preSolution
		Debug|Any CPU = Debug|Any CPU
		Release|Any CPU = Release|Any CPU
	EndGlobalSection
	GlobalSection(ProjectConfigurationPlatforms) = postSolution
		{C7C12914-578E-4187-83B7-823D8C3400D2}.Debug|Any CPU.ActiveCfg = Debug|Any CPU
		{C7C12914-578E-4187-83B7-823D8C3400D2}.Debug|Any CPU.Build.0 = Debug|Any CPU
		{C7C12914-578E-4187-83B7-823D8C3400D2}.Release|Any CPU.ActiveCfg = Release|Any CPU
		{C7C12914-578E-4187-83B7-823D8C3400D2}.Release|Any CPU.Build.0 = Release|Any CPU
		{D4589C9E-2B61-44EE-96AC-334359B0BCB4}.Debug|Any CPU.ActiveCfg = Debug|Any CPU
		{D4589C9E-2B61-44EE-96AC-334359B0BCB4}.Debug|Any CPU.Build.0 = Debug|Any CPU
		{D4589C9E-2B61-44EE-96AC-334359B0BCB4}.Release|Any CPU.ActiveCfg = Release|Any CPU
		{D4589C9E-2B61-44EE-96AC-334359B0BCB4}.Release|Any CPU.Build.0 = Release|Any CPU
		{C31244D7-EAF0-468C-AF13-715AD07C50AA}.Debug|Any CPU.ActiveCfg = Debug|Any CPU
		{C31244D7-EAF0-468C-AF13-715AD07C50AA}.Debug|Any CPU.Build.0 = Debug|Any CPU
		{C31244D7-EAF0-468C-AF13-715AD07C50AA}.Release|Any CPU.ActiveCfg = Release|Any CPU
		{C31244D7-EAF0-468C-AF13-715AD07C50AA}.Release|Any CPU.Build.0 = Release|Any CPU
		{ECF88C28-4CA6-4053-B5C4-3C0B994EAAE9}.Debug|Any CPU.ActiveCfg = Debug|Any CPU
		{ECF88C28-4CA6-4053-B5C4-3C0B994EAAE9}.Debug|Any CPU.Build.0 = Debug|Any CPU
		{ECF88C28-4CA6-4053-B5C4-3C0B994EAAE9}.Release|Any CPU.ActiveCfg = Release|Any CPU
		{ECF88C28-4CA6-4053-B5C4-3C0B994EAAE9}.Release|Any CPU.Build.0 = Release|Any CPU
		{35DB0BD4-396D-4471-94E6-D2BD40085B58}.Debug|Any CPU.ActiveCfg = Debug|Any CPU
		{35DB0BD4-396D-4471-94E6-D2BD40085B58}.Debug|Any CPU.Build.0 = Debug|Any CPU
		{35DB0BD4-396D-4471-94E6-D2BD40085B58}.Release|Any CPU.ActiveCfg = Release|Any CPU
		{35DB0BD4-396D-4471-94E6-D2BD40085B58}.Release|Any CPU.Build.0 = Release|Any CPU
		{2E94F6ED-6C33-45B5-ABC4-6C0004FC3A4D}.Debug|Any CPU.ActiveCfg = Debug|Any CPU
		{2E94F6ED-6C33-45B5-ABC4-6C0004FC3A4D}.Debug|Any CPU.Build.0 = Debug|Any CPU
		{2E94F6ED-6C33-45B5-ABC4-6C0004FC3A4D}.Release|Any CPU.ActiveCfg = Release|Any CPU
		{2E94F6ED-6C33-45B5-ABC4-6C0004FC3A4D}.Release|Any CPU.Build.0 = Release|Any CPU
		{87DBDB42-FF4A-4C6D-9E16-D1CBA752E3C0}.Debug|Any CPU.ActiveCfg = Debug|Any CPU
		{87DBDB42-FF4A-4C6D-9E16-D1CBA752E3C0}.Debug|Any CPU.Build.0 = Debug|Any CPU
		{87DBDB42-FF4A-4C6D-9E16-D1CBA752E3C0}.Release|Any CPU.ActiveCfg = Release|Any CPU
		{87DBDB42-FF4A-4C6D-9E16-D1CBA752E3C0}.Release|Any CPU.Build.0 = Release|Any CPU
		{DDF25DF9-1C56-44A7-98A5-E4492B5D168B}.Debug|Any CPU.ActiveCfg = Debug|Any CPU
		{DDF25DF9-1C56-44A7-98A5-E4492B5D168B}.Debug|Any CPU.Build.0 = Debug|Any CPU
		{DDF25DF9-1C56-44A7-98A5-E4492B5D168B}.Release|Any CPU.ActiveCfg = Release|Any CPU
		{DDF25DF9-1C56-44A7-98A5-E4492B5D168B}.Release|Any CPU.Build.0 = Release|Any CPU
		{8A041BA4-690A-48A0-A2DC-F9FF38F8ED29}.Debug|Any CPU.ActiveCfg = Debug|Any CPU
		{8A041BA4-690A-48A0-A2DC-F9FF38F8ED29}.Debug|Any CPU.Build.0 = Debug|Any CPU
		{8A041BA4-690A-48A0-A2DC-F9FF38F8ED29}.Release|Any CPU.ActiveCfg = Release|Any CPU
		{8A041BA4-690A-48A0-A2DC-F9FF38F8ED29}.Release|Any CPU.Build.0 = Release|Any CPU
		{D4248A87-49E9-4A7A-BEF0-430F26DE462C}.Debug|Any CPU.ActiveCfg = Debug|Any CPU
		{D4248A87-49E9-4A7A-BEF0-430F26DE462C}.Debug|Any CPU.Build.0 = Debug|Any CPU
		{D4248A87-49E9-4A7A-BEF0-430F26DE462C}.Release|Any CPU.ActiveCfg = Release|Any CPU
		{D4248A87-49E9-4A7A-BEF0-430F26DE462C}.Release|Any CPU.Build.0 = Release|Any CPU
		{DED4BAC5-FE4A-4086-BB53-2AD42DFE3F5C}.Debug|Any CPU.ActiveCfg = Debug|Any CPU
		{DED4BAC5-FE4A-4086-BB53-2AD42DFE3F5C}.Debug|Any CPU.Build.0 = Debug|Any CPU
		{DED4BAC5-FE4A-4086-BB53-2AD42DFE3F5C}.Release|Any CPU.ActiveCfg = Release|Any CPU
		{DED4BAC5-FE4A-4086-BB53-2AD42DFE3F5C}.Release|Any CPU.Build.0 = Release|Any CPU
		{2AC4908D-37F3-432B-8CFA-031C9FBF4903}.Debug|Any CPU.ActiveCfg = Debug|Any CPU
		{2AC4908D-37F3-432B-8CFA-031C9FBF4903}.Debug|Any CPU.Build.0 = Debug|Any CPU
		{2AC4908D-37F3-432B-8CFA-031C9FBF4903}.Release|Any CPU.ActiveCfg = Release|Any CPU
		{2AC4908D-37F3-432B-8CFA-031C9FBF4903}.Release|Any CPU.Build.0 = Release|Any CPU
		{EF44A2EC-2AEB-482B-A3A8-7DD43A11F5F7}.Debug|Any CPU.ActiveCfg = Debug|Any CPU
		{EF44A2EC-2AEB-482B-A3A8-7DD43A11F5F7}.Debug|Any CPU.Build.0 = Debug|Any CPU
		{EF44A2EC-2AEB-482B-A3A8-7DD43A11F5F7}.Release|Any CPU.ActiveCfg = Release|Any CPU
		{EF44A2EC-2AEB-482B-A3A8-7DD43A11F5F7}.Release|Any CPU.Build.0 = Release|Any CPU
		{91509EC6-0FF2-41DE-95EC-CF6353558B8A}.Debug|Any CPU.ActiveCfg = Debug|Any CPU
		{91509EC6-0FF2-41DE-95EC-CF6353558B8A}.Debug|Any CPU.Build.0 = Debug|Any CPU
		{91509EC6-0FF2-41DE-95EC-CF6353558B8A}.Release|Any CPU.ActiveCfg = Release|Any CPU
		{91509EC6-0FF2-41DE-95EC-CF6353558B8A}.Release|Any CPU.Build.0 = Release|Any CPU
	EndGlobalSection
	GlobalSection(SolutionProperties) = preSolution
		HideSolutionNode = FALSE
	EndGlobalSection
	GlobalSection(NestedProjects) = preSolution
		{DDF25DF9-1C56-44A7-98A5-E4492B5D168B} = {6925AB54-4EBA-41B3-8129-8279390711F7}
		{8A041BA4-690A-48A0-A2DC-F9FF38F8ED29} = {6925AB54-4EBA-41B3-8129-8279390711F7}
		{D4248A87-49E9-4A7A-BEF0-430F26DE462C} = {6925AB54-4EBA-41B3-8129-8279390711F7}
		{DED4BAC5-FE4A-4086-BB53-2AD42DFE3F5C} = {6925AB54-4EBA-41B3-8129-8279390711F7}
		{2AC4908D-37F3-432B-8CFA-031C9FBF4903} = {6925AB54-4EBA-41B3-8129-8279390711F7}
		{EF44A2EC-2AEB-482B-A3A8-7DD43A11F5F7} = {6925AB54-4EBA-41B3-8129-8279390711F7}
		{91509EC6-0FF2-41DE-95EC-CF6353558B8A} = {6925AB54-4EBA-41B3-8129-8279390711F7}
	EndGlobalSection
	GlobalSection(ExtensibilityGlobals) = postSolution
		SolutionGuid = {389E2E5F-DD19-4C6A-8816-22811FE2DD0B}
	EndGlobalSection
EndGlobal
